
Microsoft Visual Studio Solution File, Format Version 12.00
# Visual Studio Version 17
VisualStudioVersion = 17.4.33213.308
MinimumVisualStudioVersion = 10.0.40219.1
Project("{FAE04EC0-301F-11D3-BF4B-00C04F79EFBC}") = "NLayer.Core", "NLayer.Core\NLayer.Core.csproj", "{6983D7F4-25C3-4684-A5F8-6B14F3DA3C78}"
EndProject
Project("{FAE04EC0-301F-11D3-BF4B-00C04F79EFBC}") = "NLayer.Repository", "NLayer.Repository\NLayer.Repository.csproj", "{AB563FBC-C74B-4763-A7AC-A47042FC22F4}"
EndProject
Project("{FAE04EC0-301F-11D3-BF4B-00C04F79EFBC}") = "NLayer.Service", "NLayer.Service\NLayer.Service.csproj", "{29586A8D-E4C8-42C5-97C1-419D5615DFB4}"
EndProject
Project("{FAE04EC0-301F-11D3-BF4B-00C04F79EFBC}") = "NLayer.API", "NLayer.API\NLayer.API.csproj", "{5987D129-4E26-41F4-925B-48007EF493EA}"
EndProject
Project("{FAE04EC0-301F-11D3-BF4B-00C04F79EFBC}") = "NLayer.Web", "NLayer.Web\NLayer.Web.csproj", "{63A3C768-6FF1-4678-931F-C0F638888CB2}"
EndProject
Project("{FAE04EC0-301F-11D3-BF4B-00C04F79EFBC}") = "NLayer.Caching", "NLayer.Caching\NLayer.Caching.csproj", "{18A8BFF6-B726-46C1-B5AF-EE09A84B7EBE}"
EndProject
Global
	GlobalSection(SolutionConfigurationPlatforms) = preSolution
		Debug|Any CPU = Debug|Any CPU
		Release|Any CPU = Release|Any CPU
	EndGlobalSection
	GlobalSection(ProjectConfigurationPlatforms) = postSolution
		{6983D7F4-25C3-4684-A5F8-6B14F3DA3C78}.Debug|Any CPU.ActiveCfg = Debug|Any CPU
		{6983D7F4-25C3-4684-A5F8-6B14F3DA3C78}.Debug|Any CPU.Build.0 = Debug|Any CPU
		{6983D7F4-25C3-4684-A5F8-6B14F3DA3C78}.Release|Any CPU.ActiveCfg = Release|Any CPU
		{6983D7F4-25C3-4684-A5F8-6B14F3DA3C78}.Release|Any CPU.Build.0 = Release|Any CPU
		{AB563FBC-C74B-4763-A7AC-A47042FC22F4}.Debug|Any CPU.ActiveCfg = Debug|Any CPU
		{AB563FBC-C74B-4763-A7AC-A47042FC22F4}.Debug|Any CPU.Build.0 = Debug|Any CPU
		{AB563FBC-C74B-4763-A7AC-A47042FC22F4}.Release|Any CPU.ActiveCfg = Release|Any CPU
		{AB563FBC-C74B-4763-A7AC-A47042FC22F4}.Release|Any CPU.Build.0 = Release|Any CPU
		{29586A8D-E4C8-42C5-97C1-419D5615DFB4}.Debug|Any CPU.ActiveCfg = Debug|Any CPU
		{29586A8D-E4C8-42C5-97C1-419D5615DFB4}.Debug|Any CPU.Build.0 = Debug|Any CPU
		{29586A8D-E4C8-42C5-97C1-419D5615DFB4}.Release|Any CPU.ActiveCfg = Release|Any CPU
		{29586A8D-E4C8-42C5-97C1-419D5615DFB4}.Release|Any CPU.Build.0 = Release|Any CPU
		{5987D129-4E26-41F4-925B-48007EF493EA}.Debug|Any CPU.ActiveCfg = Debug|Any CPU
		{5987D129-4E26-41F4-925B-48007EF493EA}.Debug|Any CPU.Build.0 = Debug|Any CPU
		{5987D129-4E26-41F4-925B-48007EF493EA}.Release|Any CPU.ActiveCfg = Release|Any CPU
		{5987D129-4E26-41F4-925B-48007EF493EA}.Release|Any CPU.Build.0 = Release|Any CPU
		{63A3C768-6FF1-4678-931F-C0F638888CB2}.Debug|Any CPU.ActiveCfg = Debug|Any CPU
		{63A3C768-6FF1-4678-931F-C0F638888CB2}.Debug|Any CPU.Build.0 = Debug|Any CPU
		{63A3C768-6FF1-4678-931F-C0F638888CB2}.Release|Any CPU.ActiveCfg = Release|Any CPU
		{63A3C768-6FF1-4678-931F-C0F638888CB2}.Release|Any CPU.Build.0 = Release|Any CPU
		{18A8BFF6-B726-46C1-B5AF-EE09A84B7EBE}.Debug|Any CPU.ActiveCfg = Debug|Any CPU
		{18A8BFF6-B726-46C1-B5AF-EE09A84B7EBE}.Debug|Any CPU.Build.0 = Debug|Any CPU
		{18A8BFF6-B726-46C1-B5AF-EE09A84B7EBE}.Release|Any CPU.ActiveCfg = Release|Any CPU
		{18A8BFF6-B726-46C1-B5AF-EE09A84B7EBE}.Release|Any CPU.Build.0 = Release|Any CPU
	EndGlobalSection
	GlobalSection(SolutionProperties) = preSolution
		HideSolutionNode = FALSE
	EndGlobalSection
	GlobalSection(ExtensibilityGlobals) = postSolution
		SolutionGuid = {96579E7A-B355-4390-A269-463DEEA63009}
	EndGlobalSection
EndGlobal
